
Microsoft Visual Studio Solution File, Format Version 12.00
# Visual Studio Version 17
VisualStudioVersion = 17.3.32901.215
MinimumVisualStudioVersion = 10.0.40219.1
Project("{9A19103F-16F7-4668-BE54-9A1E7A4F7556}") = "Module 18 Patterns pt.2 Task 18.1.1", "Module 18 Patterns pt.2 Task 18.1.1\Module 18 Patterns pt.2 Task 18.1.1.csproj", "{64E03413-F675-4DC1-947F-2AB0A5D29FBF}"
EndProject
Project("{9A19103F-16F7-4668-BE54-9A1E7A4F7556}") = "Task 18.1.5", "Task 18.1.5\Task 18.1.5.csproj", "{8AA581C5-3E18-4105-B0CA-4450F3DE8739}"
EndProject
Project("{FAE04EC0-301F-11D3-BF4B-00C04F79EFBC}") = "Task 18.2.5 a", "Task 18.2.5 a\Task 18.2.5 a.csproj", "{A982F144-E60F-4B06-8C70-5136B0C2E600}"
EndProject
Global
	GlobalSection(SolutionConfigurationPlatforms) = preSolution
		Debug|Any CPU = Debug|Any CPU
		Release|Any CPU = Release|Any CPU
	EndGlobalSection
	GlobalSection(ProjectConfigurationPlatforms) = postSolution
		{64E03413-F675-4DC1-947F-2AB0A5D29FBF}.Debug|Any CPU.ActiveCfg = Debug|Any CPU
		{64E03413-F675-4DC1-947F-2AB0A5D29FBF}.Debug|Any CPU.Build.0 = Debug|Any CPU
		{64E03413-F675-4DC1-947F-2AB0A5D29FBF}.Release|Any CPU.ActiveCfg = Release|Any CPU
		{64E03413-F675-4DC1-947F-2AB0A5D29FBF}.Release|Any CPU.Build.0 = Release|Any CPU
		{8AA581C5-3E18-4105-B0CA-4450F3DE8739}.Debug|Any CPU.ActiveCfg = Debug|Any CPU
		{8AA581C5-3E18-4105-B0CA-4450F3DE8739}.Debug|Any CPU.Build.0 = Debug|Any CPU
		{8AA581C5-3E18-4105-B0CA-4450F3DE8739}.Release|Any CPU.ActiveCfg = Release|Any CPU
		{8AA581C5-3E18-4105-B0CA-4450F3DE8739}.Release|Any CPU.Build.0 = Release|Any CPU
		{A982F144-E60F-4B06-8C70-5136B0C2E600}.Debug|Any CPU.ActiveCfg = Debug|Any CPU
		{A982F144-E60F-4B06-8C70-5136B0C2E600}.Debug|Any CPU.Build.0 = Debug|Any CPU
		{A982F144-E60F-4B06-8C70-5136B0C2E600}.Release|Any CPU.ActiveCfg = Release|Any CPU
		{A982F144-E60F-4B06-8C70-5136B0C2E600}.Release|Any CPU.Build.0 = Release|Any CPU
	EndGlobalSection
	GlobalSection(SolutionProperties) = preSolution
		HideSolutionNode = FALSE
	EndGlobalSection
	GlobalSection(ExtensibilityGlobals) = postSolution
		SolutionGuid = {5702741C-183C-4090-A5E3-ACC0CC2CCDDA}
	EndGlobalSection
EndGlobal
